
Microsoft Visual Studio Solution File, Format Version 12.00
# Visual Studio Version 17
VisualStudioVersion = 17.6.33815.320
MinimumVisualStudioVersion = 10.0.40219.1
Project("{FAE04EC0-301F-11D3-BF4B-00C04F79EFBC}") = "DBSD_00013782_00013940_00014016", "DBSD_00013782_00013940_00014016\DBSD_00013782_00013940_00014016.csproj", "{C46171A2-CC63-42E5-BE56-BCA5274E6A38}"
EndProject
Global
	GlobalSection(SolutionConfigurationPlatforms) = preSolution
		Debug|Any CPU = Debug|Any CPU
		Release|Any CPU = Release|Any CPU
	EndGlobalSection
	GlobalSection(ProjectConfigurationPlatforms) = postSolution
		{C46171A2-CC63-42E5-BE56-BCA5274E6A38}.Debug|Any CPU.ActiveCfg = Debug|Any CPU
		{C46171A2-CC63-42E5-BE56-BCA5274E6A38}.Debug|Any CPU.Build.0 = Debug|Any CPU
		{C46171A2-CC63-42E5-BE56-BCA5274E6A38}.Release|Any CPU.ActiveCfg = Release|Any CPU
		{C46171A2-CC63-42E5-BE56-BCA5274E6A38}.Release|Any CPU.Build.0 = Release|Any CPU
	EndGlobalSection
	GlobalSection(SolutionProperties) = preSolution
		HideSolutionNode = FALSE
	EndGlobalSection
	GlobalSection(ExtensibilityGlobals) = postSolution
		SolutionGuid = {013CE5DC-4A49-45B7-BAE7-BCBB322898B3}
	EndGlobalSection
EndGlobal
